
Microsoft Visual Studio Solution File, Format Version 12.00
# Visual Studio Version 16
VisualStudioVersion = 16.0.29324.140
MinimumVisualStudioVersion = 10.0.40219.1
Project("{FAE04EC0-301F-11D3-BF4B-00C04F79EFBC}") = "Tutorial.UWP", "Tutorial\Tutorial.UWP\Tutorial.UWP.csproj", "{A5BEB078-217C-47EB-BDDC-177444FDCC91}"
EndProject
Project("{FAE04EC0-301F-11D3-BF4B-00C04F79EFBC}") = "Tutorial.Android", "Tutorial\Tutorial.Android\Tutorial.Android.csproj", "{8C41BCCF-6996-4C44-88AC-A25CE9DFFFAD}"
EndProject
Project("{FAE04EC0-301F-11D3-BF4B-00C04F79EFBC}") = "Tutorial", "Tutorial\Tutorial\Tutorial.csproj", "{B8CAA651-1F7B-4E24-BDEE-3B162EBF885E}"
EndProject
Global
	GlobalSection(SolutionConfigurationPlatforms) = preSolution
		Debug|Any CPU = Debug|Any CPU
		Debug|ARM = Debug|ARM
		Debug|x64 = Debug|x64
		Debug|x86 = Debug|x86
		Release|Any CPU = Release|Any CPU
		Release|ARM = Release|ARM
		Release|x64 = Release|x64
		Release|x86 = Release|x86
	EndGlobalSection
	GlobalSection(ProjectConfigurationPlatforms) = postSolution
		{A5BEB078-217C-47EB-BDDC-177444FDCC91}.Debug|Any CPU.ActiveCfg = Debug|x86
		{A5BEB078-217C-47EB-BDDC-177444FDCC91}.Debug|Any CPU.Build.0 = Debug|x86
		{A5BEB078-217C-47EB-BDDC-177444FDCC91}.Debug|Any CPU.Deploy.0 = Debug|x86
		{A5BEB078-217C-47EB-BDDC-177444FDCC91}.Debug|ARM.ActiveCfg = Debug|ARM
		{A5BEB078-217C-47EB-BDDC-177444FDCC91}.Debug|ARM.Build.0 = Debug|ARM
		{A5BEB078-217C-47EB-BDDC-177444FDCC91}.Debug|ARM.Deploy.0 = Debug|ARM
		{A5BEB078-217C-47EB-BDDC-177444FDCC91}.Debug|x64.ActiveCfg = Debug|x64
		{A5BEB078-217C-47EB-BDDC-177444FDCC91}.Debug|x64.Build.0 = Debug|x64
		{A5BEB078-217C-47EB-BDDC-177444FDCC91}.Debug|x64.Deploy.0 = Debug|x64
		{A5BEB078-217C-47EB-BDDC-177444FDCC91}.Debug|x86.ActiveCfg = Debug|x86
		{A5BEB078-217C-47EB-BDDC-177444FDCC91}.Debug|x86.Build.0 = Debug|x86
		{A5BEB078-217C-47EB-BDDC-177444FDCC91}.Debug|x86.Deploy.0 = Debug|x86
		{A5BEB078-217C-47EB-BDDC-177444FDCC91}.Release|Any CPU.ActiveCfg = Release|x86
		{A5BEB078-217C-47EB-BDDC-177444FDCC91}.Release|Any CPU.Build.0 = Release|x86
		{A5BEB078-217C-47EB-BDDC-177444FDCC91}.Release|Any CPU.Deploy.0 = Release|x86
		{A5BEB078-217C-47EB-BDDC-177444FDCC91}.Release|ARM.ActiveCfg = Release|ARM
		{A5BEB078-217C-47EB-BDDC-177444FDCC91}.Release|ARM.Build.0 = Release|ARM
		{A5BEB078-217C-47EB-BDDC-177444FDCC91}.Release|ARM.Deploy.0 = Release|ARM
		{A5BEB078-217C-47EB-BDDC-177444FDCC91}.Release|x64.ActiveCfg = Release|x64
		{A5BEB078-217C-47EB-BDDC-177444FDCC91}.Release|x64.Build.0 = Release|x64
		{A5BEB078-217C-47EB-BDDC-177444FDCC91}.Release|x64.Deploy.0 = Release|x64
		{A5BEB078-217C-47EB-BDDC-177444FDCC91}.Release|x86.ActiveCfg = Release|x86
		{A5BEB078-217C-47EB-BDDC-177444FDCC91}.Release|x86.Build.0 = Release|x86
		{A5BEB078-217C-47EB-BDDC-177444FDCC91}.Release|x86.Deploy.0 = Release|x86
		{8C41BCCF-6996-4C44-88AC-A25CE9DFFFAD}.Debug|Any CPU.ActiveCfg = Debug|Any CPU
		{8C41BCCF-6996-4C44-88AC-A25CE9DFFFAD}.Debug|Any CPU.Build.0 = Debug|Any CPU
		{8C41BCCF-6996-4C44-88AC-A25CE9DFFFAD}.Debug|Any CPU.Deploy.0 = Debug|Any CPU
		{8C41BCCF-6996-4C44-88AC-A25CE9DFFFAD}.Debug|ARM.ActiveCfg = Debug|Any CPU
		{8C41BCCF-6996-4C44-88AC-A25CE9DFFFAD}.Debug|ARM.Build.0 = Debug|Any CPU
		{8C41BCCF-6996-4C44-88AC-A25CE9DFFFAD}.Debug|ARM.Deploy.0 = Debug|Any CPU
		{8C41BCCF-6996-4C44-88AC-A25CE9DFFFAD}.Debug|x64.ActiveCfg = Debug|Any CPU
		{8C41BCCF-6996-4C44-88AC-A25CE9DFFFAD}.Debug|x64.Build.0 = Debug|Any CPU
		{8C41BCCF-6996-4C44-88AC-A25CE9DFFFAD}.Debug|x64.Deploy.0 = Debug|Any CPU
		{8C41BCCF-6996-4C44-88AC-A25CE9DFFFAD}.Debug|x86.ActiveCfg = Debug|Any CPU
		{8C41BCCF-6996-4C44-88AC-A25CE9DFFFAD}.Debug|x86.Build.0 = Debug|Any CPU
		{8C41BCCF-6996-4C44-88AC-A25CE9DFFFAD}.Debug|x86.Deploy.0 = Debug|Any CPU
		{8C41BCCF-6996-4C44-88AC-A25CE9DFFFAD}.Release|Any CPU.ActiveCfg = Release|Any CPU
		{8C41BCCF-6996-4C44-88AC-A25CE9DFFFAD}.Release|Any CPU.Build.0 = Release|Any CPU
		{8C41BCCF-6996-4C44-88AC-A25CE9DFFFAD}.Release|Any CPU.Deploy.0 = Release|Any CPU
		{8C41BCCF-6996-4C44-88AC-A25CE9DFFFAD}.Release|ARM.ActiveCfg = Release|Any CPU
		{8C41BCCF-6996-4C44-88AC-A25CE9DFFFAD}.Release|ARM.Build.0 = Release|Any CPU
		{8C41BCCF-6996-4C44-88AC-A25CE9DFFFAD}.Release|ARM.Deploy.0 = Release|Any CPU
		{8C41BCCF-6996-4C44-88AC-A25CE9DFFFAD}.Release|x64.ActiveCfg = Release|Any CPU
		{8C41BCCF-6996-4C44-88AC-A25CE9DFFFAD}.Release|x64.Build.0 = Release|Any CPU
		{8C41BCCF-6996-4C44-88AC-A25CE9DFFFAD}.Release|x64.Deploy.0 = Release|Any CPU
		{8C41BCCF-6996-4C44-88AC-A25CE9DFFFAD}.Release|x86.ActiveCfg = Release|Any CPU
		{8C41BCCF-6996-4C44-88AC-A25CE9DFFFAD}.Release|x86.Build.0 = Release|Any CPU
		{8C41BCCF-6996-4C44-88AC-A25CE9DFFFAD}.Release|x86.Deploy.0 = Release|Any CPU
		{B8CAA651-1F7B-4E24-BDEE-3B162EBF885E}.Debug|Any CPU.ActiveCfg = Debug|Any CPU
		{B8CAA651-1F7B-4E24-BDEE-3B162EBF885E}.Debug|Any CPU.Build.0 = Debug|Any CPU
		{B8CAA651-1F7B-4E24-BDEE-3B162EBF885E}.Debug|Any CPU.Deploy.0 = Debug|Any CPU
		{B8CAA651-1F7B-4E24-BDEE-3B162EBF885E}.Debug|ARM.ActiveCfg = Debug|Any CPU
		{B8CAA651-1F7B-4E24-BDEE-3B162EBF885E}.Debug|ARM.Build.0 = Debug|Any CPU
		{B8CAA651-1F7B-4E24-BDEE-3B162EBF885E}.Debug|ARM.Deploy.0 = Debug|Any CPU
		{B8CAA651-1F7B-4E24-BDEE-3B162EBF885E}.Debug|x64.ActiveCfg = Debug|Any CPU
		{B8CAA651-1F7B-4E24-BDEE-3B162EBF885E}.Debug|x64.Build.0 = Debug|Any CPU
		{B8CAA651-1F7B-4E24-BDEE-3B162EBF885E}.Debug|x64.Deploy.0 = Debug|Any CPU
		{B8CAA651-1F7B-4E24-BDEE-3B162EBF885E}.Debug|x86.ActiveCfg = Debug|Any CPU
		{B8CAA651-1F7B-4E24-BDEE-3B162EBF885E}.Debug|x86.Build.0 = Debug|Any CPU
		{B8CAA651-1F7B-4E24-BDEE-3B162EBF885E}.Debug|x86.Deploy.0 = Debug|Any CPU
		{B8CAA651-1F7B-4E24-BDEE-3B162EBF885E}.Release|Any CPU.ActiveCfg = Release|Any CPU
		{B8CAA651-1F7B-4E24-BDEE-3B162EBF885E}.Release|Any CPU.Build.0 = Release|Any CPU
		{B8CAA651-1F7B-4E24-BDEE-3B162EBF885E}.Release|Any CPU.Deploy.0 = Release|Any CPU
		{B8CAA651-1F7B-4E24-BDEE-3B162EBF885E}.Release|ARM.ActiveCfg = Release|Any CPU
		{B8CAA651-1F7B-4E24-BDEE-3B162EBF885E}.Release|ARM.Build.0 = Release|Any CPU
		{B8CAA651-1F7B-4E24-BDEE-3B162EBF885E}.Release|ARM.Deploy.0 = Release|Any CPU
		{B8CAA651-1F7B-4E24-BDEE-3B162EBF885E}.Release|x64.ActiveCfg = Release|Any CPU
		{B8CAA651-1F7B-4E24-BDEE-3B162EBF885E}.Release|x64.Build.0 = Release|Any CPU
		{B8CAA651-1F7B-4E24-BDEE-3B162EBF885E}.Release|x64.Deploy.0 = Release|Any CPU
		{B8CAA651-1F7B-4E24-BDEE-3B162EBF885E}.Release|x86.ActiveCfg = Release|Any CPU
		{B8CAA651-1F7B-4E24-BDEE-3B162EBF885E}.Release|x86.Build.0 = Release|Any CPU
		{B8CAA651-1F7B-4E24-BDEE-3B162EBF885E}.Release|x86.Deploy.0 = Release|Any CPU
	EndGlobalSection
	GlobalSection(SolutionProperties) = preSolution
		HideSolutionNode = FALSE
	EndGlobalSection
	GlobalSection(ExtensibilityGlobals) = postSolution
		SolutionGuid = {56382A52-8953-4A48-8E3C-9AF78B3A8925}
	EndGlobalSection
EndGlobal
